<?xml version="1.0" encoding="utf-8"?>
<Project ToolsVersion="4.0" xmlns="http://schemas.microsoft.com/developer/msbuild/2003">
  <ItemGroup>
    <Filter Include="Source Files">
      <UniqueIdentifier>{4FC737F1-C7A5-4376-A066-2A32D752A2FF}</UniqueIdentifier>
      <Extensions>cpp;c;cc;cxx;c++;cppm;ixx;def;odl;idl;hpj;bat;asm;asmx</Extensions>
    </Filter>
    <Filter Include="Header Files">
      <UniqueIdentifier>{93995380-89BD-4b04-88EB-625FBE52EBFB}</UniqueIdentifier>
      <Extensions>h;hh;hpp;hxx;h++;hm;inl;inc;ipp;xsd</Extensions>
    </Filter>
    <Filter Include="Resource Files">
      <UniqueIdentifier>{67DA6AB6-F800-4c08-8B7A-83BB121AAD01}</UniqueIdentifier>
      <Extensions>rc;ico;cur;bmp;dlg;rc2;rct;bin;rgs;gif;jpg;jpeg;jpe;resx;tiff;tif;png;wav;mfcribbon-ms</Extensions>
    </Filter>
    <Filter Include="Resource Files\glsl">
      <UniqueIdentifier>{49434a5e-6dbb-48f6-9597-0ba9d55a57e8}</UniqueIdentifier>
    </Filter>
    <Filter Include="Resource Files\images">
      <UniqueIdentifier>{fdfe594f-d978-4a11-93dd-4dc81bcb3950}</UniqueIdentifier>
    </Filter>
    <Filter Include="Resource Files\fiber_types">
      <UniqueIdentifier>{a77fcad9-f0db-4487-be8d-8abf7c55f3f4}</UniqueIdentifier>
    </Filter>
    <Filter Include="imgui">
      <UniqueIdentifier>{2a7a5421-2b98-400e-9d73-128fd8f62fd1}</UniqueIdentifier>
    </Filter>
    <Filter Include="Source Files\Rendering">
      <UniqueIdentifier>{b7e62435-70d3-42bb-b48b-7b820b18ecc4}</UniqueIdentifier>
    </Filter>
    <Filter Include="Source Files\Simulation">
      <UniqueIdentifier>{fdc0326c-a7b8-46e8-bb98-452930bea121}</UniqueIdentifier>
    </Filter>
    <Filter Include="Header Files\Rendering">
      <UniqueIdentifier>{072f9885-fe1a-47a2-b559-45f901d7f2db}</UniqueIdentifier>
    </Filter>
    <Filter Include="Header Files\Simulation">
      <UniqueIdentifier>{39c718fa-82e0-4048-b23d-2224d66a3a48}</UniqueIdentifier>
    </Filter>
  </ItemGroup>
  <ItemGroup>
    <ClCompile Include="..\opengl-imports\glad.c">
      <Filter>Source Files</Filter>
    </ClCompile>
    <ClCompile Include="main.cpp">
      <Filter>Source Files</Filter>
    </ClCompile>
    <ClCompile Include="imgui\imgui.cpp">
      <Filter>imgui</Filter>
    </ClCompile>
    <ClCompile Include="imgui\imgui_demo.cpp">
      <Filter>imgui</Filter>
    </ClCompile>
    <ClCompile Include="imgui\imgui_draw.cpp">
      <Filter>imgui</Filter>
    </ClCompile>
    <ClCompile Include="imgui\imgui_impl_glfw.cpp">
      <Filter>imgui</Filter>
    </ClCompile>
    <ClCompile Include="imgui\imgui_impl_opengl3.cpp">
      <Filter>imgui</Filter>
    </ClCompile>
    <ClCompile Include="imgui\imgui_widgets.cpp">
      <Filter>imgui</Filter>
    </ClCompile>
    <ClCompile Include="drawable.cpp">
      <Filter>Source Files</Filter>
    </ClCompile>
    <ClCompile Include="InterleavedDrawable.cpp">
      <Filter>Source Files</Filter>
    </ClCompile>
    <ClCompile Include="Shader.cpp">
      <Filter>Source Files</Filter>
    </ClCompile>
    <ClCompile Include="CoreFiber.cpp">
      <Filter>Source Files\Rendering</Filter>
    </ClCompile>
    <ClCompile Include="Fiber.cpp">
      <Filter>Source Files\Rendering</Filter>
    </ClCompile>
    <ClCompile Include="FiberDrawable.cpp">
      <Filter>Source Files\Rendering</Filter>
    </ClCompile>
    <ClCompile Include="FiberShader.cpp">
      <Filter>Source Files\Rendering</Filter>
    </ClCompile>
    <ClCompile Include="OrdinaryFiber.cpp">
      <Filter>Source Files\Rendering</Filter>
    </ClCompile>
    <ClCompile Include="Pattern.cpp">
      <Filter>Source Files\Rendering</Filter>
    </ClCompile>
    <ClCompile Include="SphericalCamera.cpp">
      <Filter>Source Files</Filter>
    </ClCompile>
  </ItemGroup>
  <ItemGroup>
    <ClInclude Include="Shader.h">
      <Filter>Header Files</Filter>
    </ClInclude>
    <ClInclude Include="Camera.h">
      <Filter>Header Files</Filter>
    </ClInclude>
    <ClInclude Include="stb_image.h">
      <Filter>Header Files</Filter>
    </ClInclude>
    <ClInclude Include="imgui\imgui.h">
      <Filter>imgui</Filter>
    </ClInclude>
    <ClInclude Include="imgui\imgui_impl_glfw.h">
      <Filter>imgui</Filter>
    </ClInclude>
    <ClInclude Include="imgui\imgui_impl_opengl3.h">
      <Filter>imgui</Filter>
    </ClInclude>
    <ClInclude Include="imgui\imgui_internal.h">
      <Filter>imgui</Filter>
    </ClInclude>
    <ClInclude Include="imgui\imstb_rectpack.h">
      <Filter>imgui</Filter>
    </ClInclude>
    <ClInclude Include="imgui\imstb_textedit.h">
      <Filter>imgui</Filter>
    </ClInclude>
    <ClInclude Include="imgui\imstb_truetype.h">
      <Filter>imgui</Filter>
    </ClInclude>
    <ClInclude Include="imgui\imconfig.h">
      <Filter>imgui</Filter>
    </ClInclude>
    <ClInclude Include="drawable.h">
      <Filter>Header Files</Filter>
    </ClInclude>
    <ClInclude Include="InterleavedDrawable.h">
      <Filter>Header Files</Filter>
    </ClInclude>
    <ClInclude Include="CoreFiber.h">
      <Filter>Header Files\Rendering</Filter>
    </ClInclude>
    <ClInclude Include="Fiber.h">
      <Filter>Header Files\Rendering</Filter>
    </ClInclude>
    <ClInclude Include="FiberDrawable.h">
      <Filter>Header Files\Rendering</Filter>
    </ClInclude>
    <ClInclude Include="FiberShader.h">
      <Filter>Header Files\Rendering</Filter>
    </ClInclude>
    <ClInclude Include="OrdinaryFiber.h">
      <Filter>Header Files\Rendering</Filter>
    </ClInclude>
    <ClInclude Include="Pattern.h">
      <Filter>Header Files\Rendering</Filter>
    </ClInclude>
    <ClInclude Include="SphericalCamera.h">
      <Filter>Header Files</Filter>
    </ClInclude>
  </ItemGroup>
  <ItemGroup>
    <None Include="core_fragment.glsl">
      <Filter>Resource Files\glsl</Filter>
    </None>
    <None Include="core_geometry.glsl">
      <Filter>Resource Files\glsl</Filter>
    </None>
    <None Include="core_tess_control.glsl">
      <Filter>Resource Files\glsl</Filter>
    </None>
    <None Include="core_tess_eval.glsl">
      <Filter>Resource Files\glsl</Filter>
    </None>
    <None Include="fiber_fragment.glsl">
      <Filter>Resource Files\glsl</Filter>
    </None>
    <None Include="fiber_geometry.glsl">
      <Filter>Resource Files\glsl</Filter>
    </None>
    <None Include="fiber_tess_control.glsl">
      <Filter>Resource Files\glsl</Filter>
    </None>
    <None Include="fiber_tess_eval.glsl">
      <Filter>Resource Files\glsl</Filter>
    </None>
    <None Include="fiber_vertex.glsl">
      <Filter>Resource Files\glsl</Filter>
    </None>
    <None Include="README.md">
      <Filter>Source Files</Filter>
    </None>
  </ItemGroup>
  <ItemGroup>
    <Text Include="debug_checklist.txt">
      <Filter>Resource Files</Filter>
    </Text>
    <Text Include="cotton1.txt">
      <Filter>Resource Files\fiber_types</Filter>
    </Text>
    <Text Include="cotton2.txt">
      <Filter>Resource Files\fiber_types</Filter>
    </Text>
    <Text Include="polyester1.txt">
      <Filter>Resource Files\fiber_types</Filter>
    </Text>
    <Text Include="rayon1.txt">
      <Filter>Resource Files\fiber_types</Filter>
    </Text>
    <Text Include="rayon2.txt">
      <Filter>Resource Files\fiber_types</Filter>
    </Text>
    <Text Include="rayon3.txt">
      <Filter>Resource Files\fiber_types</Filter>
    </Text>
    <Text Include="rayon4.txt">
      <Filter>Resource Files\fiber_types</Filter>
    </Text>
    <Text Include="silk1.txt">
      <Filter>Resource Files\fiber_types</Filter>
    </Text>
    <Text Include="silk2.txt">
      <Filter>Resource Files\fiber_types</Filter>
    </Text>
  </ItemGroup>
  <ItemGroup>
    <Image Include="normal_texture.png">
      <Filter>Resource Files\images</Filter>
    </Image>
    <Image Include="alpha_texture.png">
      <Filter>Resource Files\images</Filter>
    </Image>
    <Image Include="height_texture.png">
      <Filter>Resource Files\images</Filter>
    </Image>
  </ItemGroup>
</Project>